// !$*UTF8*$!
{
	archiveVersion = 1;
	classes = {
	};
	objectVersion = 46;
	objects = {

/* Begin PBXBuildFile section */
		B352DFFE189FEF49002DE84B /* Foundation.framework in Frameworks */ = {isa = PBXBuildFile; fileRef = B352DFFD189FEF49002DE84B /* Foundation.framework */; };
		B352E000189FEF49002DE84B /* CoreGraphics.framework in Frameworks */ = {isa = PBXBuildFile; fileRef = B352DFFF189FEF49002DE84B /* CoreGraphics.framework */; };
		B352E002189FEF49002DE84B /* UIKit.framework in Frameworks */ = {isa = PBXBuildFile; fileRef = B352E001189FEF49002DE84B /* UIKit.framework */; };
		B352E008189FEF49002DE84B /* InfoPlist.strings in Resources */ = {isa = PBXBuildFile; fileRef = B352E006189FEF49002DE84B /* InfoPlist.strings */; };
		B352E00A189FEF49002DE84B /* main.m in Sources */ = {isa = PBXBuildFile; fileRef = B352E009189FEF49002DE84B /* main.m */; };
		B352E00E189FEF49002DE84B /* MTAppDelegate.m in Sources */ = {isa = PBXBuildFile; fileRef = B352E00D189FEF49002DE84B /* MTAppDelegate.m */; };
		B352E011189FEF49002DE84B /* Main.storyboard in Resources */ = {isa = PBXBuildFile; fileRef = B352E00F189FEF49002DE84B /* Main.storyboard */; };
		B352E016189FEF49002DE84B /* Images.xcassets in Resources */ = {isa = PBXBuildFile; fileRef = B352E015189FEF49002DE84B /* Images.xcassets */; };
		B352E01D189FEF49002DE84B /* XCTest.framework in Frameworks */ = {isa = PBXBuildFile; fileRef = B352E01C189FEF49002DE84B /* XCTest.framework */; };
		B352E01E189FEF49002DE84B /* Foundation.framework in Frameworks */ = {isa = PBXBuildFile; fileRef = B352DFFD189FEF49002DE84B /* Foundation.framework */; };
		B352E01F189FEF49002DE84B /* UIKit.framework in Frameworks */ = {isa = PBXBuildFile; fileRef = B352E001189FEF49002DE84B /* UIKit.framework */; };
		B352E027189FEF49002DE84B /* InfoPlist.strings in Resources */ = {isa = PBXBuildFile; fileRef = B352E025189FEF49002DE84B /* InfoPlist.strings */; };
		B352E029189FEF49002DE84B /* MyTwitterTests.m in Sources */ = {isa = PBXBuildFile; fileRef = B352E028189FEF49002DE84B /* MyTwitterTests.m */; };
		B352E034189FF2C7002DE84B /* MTMasterViewController1ViewController.m in Sources */ = {isa = PBXBuildFile; fileRef = B352E033189FF2C7002DE84B /* MTMasterViewController1ViewController.m */; };
		B352E03A189FF66F002DE84B /* MTDetailViewController1.m in Sources */ = {isa = PBXBuildFile; fileRef = B352E039189FF66F002DE84B /* MTDetailViewController1.m */; };
		B3727AB418A0C9F3001450F3 /* MTMasterViewController2.m in Sources */ = {isa = PBXBuildFile; fileRef = B3727AB318A0C9F3001450F3 /* MTMasterViewController2.m */; };
		B3727ABA18A0F574001450F3 /* MTMyAppDelegate.m in Sources */ = {isa = PBXBuildFile; fileRef = B3727AB918A0F574001450F3 /* MTMyAppDelegate.m */; };
		B3727ABD18A0F818001450F3 /* MTWebViewController.m in Sources */ = {isa = PBXBuildFile; fileRef = B3727ABC18A0F818001450F3 /* MTWebViewController.m */; };
/* End PBXBuildFile section */

/* Begin PBXContainerItemProxy section */
		B352E020189FEF49002DE84B /* PBXContainerItemProxy */ = {
			isa = PBXContainerItemProxy;
			containerPortal = B352DFF2189FEF49002DE84B /* Project object */;
			proxyType = 1;
			remoteGlobalIDString = B352DFF9189FEF49002DE84B;
			remoteInfo = MyTwitter;
		};
/* End PBXContainerItemProxy section */

/* Begin PBXFileReference section */
		B352DFFA189FEF49002DE84B /* MyTwitter.app */ = {isa = PBXFileReference; explicitFileType = wrapper.application; includeInIndex = 0; path = MyTwitter.app; sourceTree = BUILT_PRODUCTS_DIR; };
		B352DFFD189FEF49002DE84B /* Foundation.framework */ = {isa = PBXFileReference; lastKnownFileType = wrapper.framework; name = Foundation.framework; path = System/Library/Frameworks/Foundation.framework; sourceTree = SDKROOT; };
		B352DFFF189FEF49002DE84B /* CoreGraphics.framework */ = {isa = PBXFileReference; lastKnownFileType = wrapper.framework; name = CoreGraphics.framework; path = System/Library/Frameworks/CoreGraphics.framework; sourceTree = SDKROOT; };
		B352E001189FEF49002DE84B /* UIKit.framework */ = {isa = PBXFileReference; lastKnownFileType = wrapper.framework; name = UIKit.framework; path = System/Library/Frameworks/UIKit.framework; sourceTree = SDKROOT; };
		B352E005189FEF49002DE84B /* MyTwitter-Info.plist */ = {isa = PBXFileReference; lastKnownFileType = text.plist.xml; path = "MyTwitter-Info.plist"; sourceTree = "<group>"; };
		B352E007189FEF49002DE84B /* en */ = {isa = PBXFileReference; lastKnownFileType = text.plist.strings; name = en; path = en.lproj/InfoPlist.strings; sourceTree = "<group>"; };
		B352E009189FEF49002DE84B /* main.m */ = {isa = PBXFileReference; lastKnownFileType = sourcecode.c.objc; path = main.m; sourceTree = "<group>"; };
		B352E00B189FEF49002DE84B /* MyTwitter-Prefix.pch */ = {isa = PBXFileReference; lastKnownFileType = sourcecode.c.h; path = "MyTwitter-Prefix.pch"; sourceTree = "<group>"; };
		B352E00C189FEF49002DE84B /* MTAppDelegate.h */ = {isa = PBXFileReference; lastKnownFileType = sourcecode.c.h; path = MTAppDelegate.h; sourceTree = "<group>"; };
		B352E00D189FEF49002DE84B /* MTAppDelegate.m */ = {isa = PBXFileReference; lastKnownFileType = sourcecode.c.objc; path = MTAppDelegate.m; sourceTree = "<group>"; };
		B352E010189FEF49002DE84B /* Base */ = {isa = PBXFileReference; lastKnownFileType = file.storyboard; name = Base; path = Base.lproj/Main.storyboard; sourceTree = "<group>"; };
		B352E015189FEF49002DE84B /* Images.xcassets */ = {isa = PBXFileReference; lastKnownFileType = folder.assetcatalog; path = Images.xcassets; sourceTree = "<group>"; };
		B352E01B189FEF49002DE84B /* MyTwitterTests.xctest */ = {isa = PBXFileReference; explicitFileType = wrapper.cfbundle; includeInIndex = 0; path = MyTwitterTests.xctest; sourceTree = BUILT_PRODUCTS_DIR; };
		B352E01C189FEF49002DE84B /* XCTest.framework */ = {isa = PBXFileReference; lastKnownFileType = wrapper.framework; name = XCTest.framework; path = Library/Frameworks/XCTest.framework; sourceTree = DEVELOPER_DIR; };
		B352E024189FEF49002DE84B /* MyTwitterTests-Info.plist */ = {isa = PBXFileReference; lastKnownFileType = text.plist.xml; path = "MyTwitterTests-Info.plist"; sourceTree = "<group>"; };
		B352E026189FEF49002DE84B /* en */ = {isa = PBXFileReference; lastKnownFileType = text.plist.strings; name = en; path = en.lproj/InfoPlist.strings; sourceTree = "<group>"; };
		B352E028189FEF49002DE84B /* MyTwitterTests.m */ = {isa = PBXFileReference; lastKnownFileType = sourcecode.c.objc; path = MyTwitterTests.m; sourceTree = "<group>"; };
		B352E032189FF2C7002DE84B /* MTMasterViewController1ViewController.h */ = {isa = PBXFileReference; fileEncoding = 4; lastKnownFileType = sourcecode.c.h; path = MTMasterViewController1ViewController.h; sourceTree = "<group>"; };
		B352E033189FF2C7002DE84B /* MTMasterViewController1ViewController.m */ = {isa = PBXFileReference; fileEncoding = 4; lastKnownFileType = sourcecode.c.objc; path = MTMasterViewController1ViewController.m; sourceTree = "<group>"; };
		B352E038189FF66F002DE84B /* MTDetailViewController1.h */ = {isa = PBXFileReference; fileEncoding = 4; lastKnownFileType = sourcecode.c.h; path = MTDetailViewController1.h; sourceTree = "<group>"; };
		B352E039189FF66F002DE84B /* MTDetailViewController1.m */ = {isa = PBXFileReference; fileEncoding = 4; lastKnownFileType = sourcecode.c.objc; path = MTDetailViewController1.m; sourceTree = "<group>"; };
		B3727AB218A0C9F3001450F3 /* MTMasterViewController2.h */ = {isa = PBXFileReference; fileEncoding = 4; lastKnownFileType = sourcecode.c.h; path = MTMasterViewController2.h; sourceTree = "<group>"; };
		B3727AB318A0C9F3001450F3 /* MTMasterViewController2.m */ = {isa = PBXFileReference; fileEncoding = 4; lastKnownFileType = sourcecode.c.objc; path = MTMasterViewController2.m; sourceTree = "<group>"; };
		B3727AB818A0F574001450F3 /* MTMyAppDelegate.h */ = {isa = PBXFileReference; fileEncoding = 4; lastKnownFileType = sourcecode.c.h; path = MTMyAppDelegate.h; sourceTree = "<group>"; };
		B3727AB918A0F574001450F3 /* MTMyAppDelegate.m */ = {isa = PBXFileReference; fileEncoding = 4; lastKnownFileType = sourcecode.c.objc; path = MTMyAppDelegate.m; sourceTree = "<group>"; };
		B3727ABB18A0F818001450F3 /* MTWebViewController.h */ = {isa = PBXFileReference; fileEncoding = 4; lastKnownFileType = sourcecode.c.h; path = MTWebViewController.h; sourceTree = "<group>"; };
		B3727ABC18A0F818001450F3 /* MTWebViewController.m */ = {isa = PBXFileReference; fileEncoding = 4; lastKnownFileType = sourcecode.c.objc; path = MTWebViewController.m; sourceTree = "<group>"; };
/* End PBXFileReference section */

/* Begin PBXFrameworksBuildPhase section */
		B352DFF7189FEF49002DE84B /* Frameworks */ = {
			isa = PBXFrameworksBuildPhase;
			buildActionMask = 2147483647;
			files = (
				B352E000189FEF49002DE84B /* CoreGraphics.framework in Frameworks */,
				B352E002189FEF49002DE84B /* UIKit.framework in Frameworks */,
				B352DFFE189FEF49002DE84B /* Foundation.framework in Frameworks */,
			);
			runOnlyForDeploymentPostprocessing = 0;
		};
		B352E018189FEF49002DE84B /* Frameworks */ = {
			isa = PBXFrameworksBuildPhase;
			buildActionMask = 2147483647;
			files = (
				B352E01D189FEF49002DE84B /* XCTest.framework in Frameworks */,
				B352E01F189FEF49002DE84B /* UIKit.framework in Frameworks */,
				B352E01E189FEF49002DE84B /* Foundation.framework in Frameworks */,
			);
			runOnlyForDeploymentPostprocessing = 0;
		};
/* End PBXFrameworksBuildPhase section */

/* Begin PBXGroup section */
		B352DFF1189FEF48002DE84B = {
			isa = PBXGroup;
			children = (
				B352E003189FEF49002DE84B /* MyTwitter */,
				B352E022189FEF49002DE84B /* MyTwitterTests */,
				B352DFFC189FEF49002DE84B /* Frameworks */,
				B352DFFB189FEF49002DE84B /* Products */,
			);
			sourceTree = "<group>";
		};
		B352DFFB189FEF49002DE84B /* Products */ = {
			isa = PBXGroup;
			children = (
				B352DFFA189FEF49002DE84B /* MyTwitter.app */,
				B352E01B189FEF49002DE84B /* MyTwitterTests.xctest */,
			);
			name = Products;
			sourceTree = "<group>";
		};
		B352DFFC189FEF49002DE84B /* Frameworks */ = {
			isa = PBXGroup;
			children = (
				B352DFFD189FEF49002DE84B /* Foundation.framework */,
				B352DFFF189FEF49002DE84B /* CoreGraphics.framework */,
				B352E001189FEF49002DE84B /* UIKit.framework */,
				B352E01C189FEF49002DE84B /* XCTest.framework */,
			);
			name = Frameworks;
			sourceTree = "<group>";
		};
		B352E003189FEF49002DE84B /* MyTwitter */ = {
			isa = PBXGroup;
			children = (
				B352E00C189FEF49002DE84B /* MTAppDelegate.h */,
				B352E00D189FEF49002DE84B /* MTAppDelegate.m */,
				B352E032189FF2C7002DE84B /* MTMasterViewController1ViewController.h */,
				B352E033189FF2C7002DE84B /* MTMasterViewController1ViewController.m */,
				B352E038189FF66F002DE84B /* MTDetailViewController1.h */,
				B3727AB218A0C9F3001450F3 /* MTMasterViewController2.h */,
				B3727AB818A0F574001450F3 /* MTMyAppDelegate.h */,
				B3727AB918A0F574001450F3 /* MTMyAppDelegate.m */,
				B3727ABB18A0F818001450F3 /* MTWebViewController.h */,
				B3727ABC18A0F818001450F3 /* MTWebViewController.m */,
				B3727AB318A0C9F3001450F3 /* MTMasterViewController2.m */,
				B352E039189FF66F002DE84B /* MTDetailViewController1.m */,
				B352E00F189FEF49002DE84B /* Main.storyboard */,
				B352E015189FEF49002DE84B /* Images.xcassets */,
				B352E004189FEF49002DE84B /* Supporting Files */,
			);
			path = MyTwitter;
			sourceTree = "<group>";
		};
		B352E004189FEF49002DE84B /* Supporting Files */ = {
			isa = PBXGroup;
			children = (
				B352E005189FEF49002DE84B /* MyTwitter-Info.plist */,
				B352E006189FEF49002DE84B /* InfoPlist.strings */,
				B352E009189FEF49002DE84B /* main.m */,
				B352E00B189FEF49002DE84B /* MyTwitter-Prefix.pch */,
			);
			name = "Supporting Files";
			sourceTree = "<group>";
		};
		B352E022189FEF49002DE84B /* MyTwitterTests */ = {
			isa = PBXGroup;
			children = (
				B352E028189FEF49002DE84B /* MyTwitterTests.m */,
				B352E023189FEF49002DE84B /* Supporting Files */,
			);
			path = MyTwitterTests;
			sourceTree = "<group>";
		};
		B352E023189FEF49002DE84B /* Supporting Files */ = {
			isa = PBXGroup;
			children = (
				B352E024189FEF49002DE84B /* MyTwitterTests-Info.plist */,
				B352E025189FEF49002DE84B /* InfoPlist.strings */,
			);
			name = "Supporting Files";
			sourceTree = "<group>";
		};
/* End PBXGroup section */

/* Begin PBXNativeTarget section */
		B352DFF9189FEF49002DE84B /* MyTwitter */ = {
			isa = PBXNativeTarget;
			buildConfigurationList = B352E02C189FEF49002DE84B /* Build configuration list for PBXNativeTarget "MyTwitter" */;
			buildPhases = (
				B352DFF6189FEF49002DE84B /* Sources */,
				B352DFF7189FEF49002DE84B /* Frameworks */,
				B352DFF8189FEF49002DE84B /* Resources */,
			);
			buildRules = (
			);
			dependencies = (
			);
			name = MyTwitter;
			productName = MyTwitter;
			productReference = B352DFFA189FEF49002DE84B /* MyTwitter.app */;
			productType = "com.apple.product-type.application";
		};
		B352E01A189FEF49002DE84B /* MyTwitterTests */ = {
			isa = PBXNativeTarget;
			buildConfigurationList = B352E02F189FEF49002DE84B /* Build configuration list for PBXNativeTarget "MyTwitterTests" */;
			buildPhases = (
				B352E017189FEF49002DE84B /* Sources */,
				B352E018189FEF49002DE84B /* Frameworks */,
				B352E019189FEF49002DE84B /* Resources */,
			);
			buildRules = (
			);
			dependencies = (
				B352E021189FEF49002DE84B /* PBXTargetDependency */,
			);
			name = MyTwitterTests;
			productName = MyTwitterTests;
			productReference = B352E01B189FEF49002DE84B /* MyTwitterTests.xctest */;
			productType = "com.apple.product-type.bundle.unit-test";
		};
/* End PBXNativeTarget section */

/* Begin PBXProject section */
		B352DFF2189FEF49002DE84B /* Project object */ = {
			isa = PBXProject;
			attributes = {
				CLASSPREFIX = MT;
				LastUpgradeCheck = 0500;
				ORGANIZATIONNAME = "Guest-admin";
				TargetAttributes = {
					B352E01A189FEF49002DE84B = {
						TestTargetID = B352DFF9189FEF49002DE84B;
					};
				};
			};
			buildConfigurationList = B352DFF5189FEF49002DE84B /* Build configuration list for PBXProject "MyTwitter" */;
			compatibilityVersion = "Xcode 3.2";
			developmentRegion = English;
			hasScannedForEncodings = 0;
			knownRegions = (
				en,
				Base,
			);
			mainGroup = B352DFF1189FEF48002DE84B;
			productRefGroup = B352DFFB189FEF49002DE84B /* Products */;
			projectDirPath = "";
			projectRoot = "";
			targets = (
				B352DFF9189FEF49002DE84B /* MyTwitter */,
				B352E01A189FEF49002DE84B /* MyTwitterTests */,
			);
		};
/* End PBXProject section */

/* Begin PBXResourcesBuildPhase section */
		B352DFF8189FEF49002DE84B /* Resources */ = {
			isa = PBXResourcesBuildPhase;
			buildActionMask = 2147483647;
			files = (
				B352E016189FEF49002DE84B /* Images.xcassets in Resources */,
				B352E008189FEF49002DE84B /* InfoPlist.strings in Resources */,
				B352E011189FEF49002DE84B /* Main.storyboard in Resources */,
			);
			runOnlyForDeploymentPostprocessing = 0;
		};
		B352E019189FEF49002DE84B /* Resources */ = {
			isa = PBXResourcesBuildPhase;
			buildActionMask = 2147483647;
			files = (
				B352E027189FEF49002DE84B /* InfoPlist.strings in Resources */,
			);
			runOnlyForDeploymentPostprocessing = 0;
		};
/* End PBXResourcesBuildPhase section */

/* Begin PBXSourcesBuildPhase section */
		B352DFF6189FEF49002DE84B /* Sources */ = {
			isa = PBXSourcesBuildPhase;
			buildActionMask = 2147483647;
			files = (
				B3727AB418A0C9F3001450F3 /* MTMasterViewController2.m in Sources */,
				B352E034189FF2C7002DE84B /* MTMasterViewController1ViewController.m in Sources */,
				B352E00A189FEF49002DE84B /* main.m in Sources */,
				B3727ABA18A0F574001450F3 /* MTMyAppDelegate.m in Sources */,
				B352E00E189FEF49002DE84B /* MTAppDelegate.m in Sources */,
				B352E03A189FF66F002DE84B /* MTDetailViewController1.m in Sources */,
				B3727ABD18A0F818001450F3 /* MTWebViewController.m in Sources */,
			);
			runOnlyForDeploymentPostprocessing = 0;
		};
		B352E017189FEF49002DE84B /* Sources */ = {
			isa = PBXSourcesBuildPhase;
			buildActionMask = 2147483647;
			files = (
				B352E029189FEF49002DE84B /* MyTwitterTests.m in Sources */,
			);
			runOnlyForDeploymentPostprocessing = 0;
		};
/* End PBXSourcesBuildPhase section */

/* Begin PBXTargetDependency section */
		B352E021189FEF49002DE84B /* PBXTargetDependency */ = {
			isa = PBXTargetDependency;
			target = B352DFF9189FEF49002DE84B /* MyTwitter */;
			targetProxy = B352E020189FEF49002DE84B /* PBXContainerItemProxy */;
		};
/* End PBXTargetDependency section */

/* Begin PBXVariantGroup section */
		B352E006189FEF49002DE84B /* InfoPlist.strings */ = {
			isa = PBXVariantGroup;
			children = (
				B352E007189FEF49002DE84B /* en */,
			);
			name = InfoPlist.strings;
			sourceTree = "<group>";
		};
		B352E00F189FEF49002DE84B /* Main.storyboard */ = {
			isa = PBXVariantGroup;
			children = (
				B352E010189FEF49002DE84B /* Base */,
			);
			name = Main.storyboard;
			sourceTree = "<group>";
		};
		B352E025189FEF49002DE84B /* InfoPlist.strings */ = {
			isa = PBXVariantGroup;
			children = (
				B352E026189FEF49002DE84B /* en */,
			);
			name = InfoPlist.strings;
			sourceTree = "<group>";
		};
/* End PBXVariantGroup section */

/* Begin XCBuildConfiguration section */
		B352E02A189FEF49002DE84B /* Debug */ = {
			isa = XCBuildConfiguration;
			buildSettings = {
				ALWAYS_SEARCH_USER_PATHS = NO;
				ARCHS = "$(ARCHS_STANDARD_INCLUDING_64_BIT)";
				CLANG_CXX_LANGUAGE_STANDARD = "gnu++0x";
				CLANG_CXX_LIBRARY = "libc++";
				CLANG_ENABLE_MODULES = YES;
				CLANG_ENABLE_OBJC_ARC = YES;
				CLANG_WARN_BOOL_CONVERSION = YES;
				CLANG_WARN_CONSTANT_CONVERSION = YES;
				CLANG_WARN_DIRECT_OBJC_ISA_USAGE = YES_ERROR;
				CLANG_WARN_EMPTY_BODY = YES;
				CLANG_WARN_ENUM_CONVERSION = YES;
				CLANG_WARN_INT_CONVERSION = YES;
				CLANG_WARN_OBJC_ROOT_CLASS = YES_ERROR;
				CLANG_WARN__DUPLICATE_METHOD_MATCH = YES;
				"CODE_SIGN_IDENTITY[sdk=iphoneos*]" = "iPhone Developer";
				COPY_PHASE_STRIP = NO;
				GCC_C_LANGUAGE_STANDARD = gnu99;
				GCC_DYNAMIC_NO_PIC = NO;
				GCC_OPTIMIZATION_LEVEL = 0;
				GCC_PREPROCESSOR_DEFINITIONS = (
					"DEBUG=1",
					"$(inherited)",
				);
				GCC_SYMBOLS_PRIVATE_EXTERN = NO;
				GCC_WARN_64_TO_32_BIT_CONVERSION = YES;
				GCC_WARN_ABOUT_RETURN_TYPE = YES_ERROR;
				GCC_WARN_UNDECLARED_SELECTOR = YES;
				GCC_WARN_UNINITIALIZED_AUTOS = YES;
				GCC_WARN_UNUSED_FUNCTION = YES;
				GCC_WARN_UNUSED_VARIABLE = YES;
				IPHONEOS_DEPLOYMENT_TARGET = 7.0;
				ONLY_ACTIVE_ARCH = YES;
				SDKROOT = iphoneos;
			};
			name = Debug;
		};
		B352E02B189FEF49002DE84B /* Release */ = {
			isa = XCBuildConfiguration;
			buildSettings = {
				ALWAYS_SEARCH_USER_PATHS = NO;
				ARCHS = "$(ARCHS_STANDARD_INCLUDING_64_BIT)";
				CLANG_CXX_LANGUAGE_STANDARD = "gnu++0x";
				CLANG_CXX_LIBRARY = "libc++";
				CLANG_ENABLE_MODULES = YES;
				CLANG_ENABLE_OBJC_ARC = YES;
				CLANG_WARN_BOOL_CONVERSION = YES;
				CLANG_WARN_CONSTANT_CONVERSION = YES;
				CLANG_WARN_DIRECT_OBJC_ISA_USAGE = YES_ERROR;
				CLANG_WARN_EMPTY_BODY = YES;
				CLANG_WARN_ENUM_CONVERSION = YES;
				CLANG_WARN_INT_CONVERSION = YES;
				CLANG_WARN_OBJC_ROOT_CLASS = YES_ERROR;
				CLANG_WARN__DUPLICATE_METHOD_MATCH = YES;
				"CODE_SIGN_IDENTITY[sdk=iphoneos*]" = "iPhone Developer";
				COPY_PHASE_STRIP = YES;
				ENABLE_NS_ASSERTIONS = NO;
				GCC_C_LANGUAGE_STANDARD = gnu99;
				GCC_WARN_64_TO_32_BIT_CONVERSION = YES;
				GCC_WARN_ABOUT_RETURN_TYPE = YES_ERROR;
				GCC_WARN_UNDECLARED_SELECTOR = YES;
				GCC_WARN_UNINITIALIZED_AUTOS = YES;
				GCC_WARN_UNUSED_FUNCTION = YES;
				GCC_WARN_UNUSED_VARIABLE = YES;
				IPHONEOS_DEPLOYMENT_TARGET = 7.0;
				SDKROOT = iphoneos;
				VALIDATE_PRODUCT = YES;
			};
			name = Release;
		};
		B352E02D189FEF49002DE84B /* Debug */ = {
			isa = XCBuildConfiguration;
			buildSettings = {
				ASSETCATALOG_COMPILER_APPICON_NAME = AppIcon;
				ASSETCATALOG_COMPILER_LAUNCHIMAGE_NAME = LaunchImage;
				GCC_PRECOMPILE_PREFIX_HEADER = YES;
				GCC_PREFIX_HEADER = "MyTwitter/MyTwitter-Prefix.pch";
				INFOPLIST_FILE = "MyTwitter/MyTwitter-Info.plist";
				PRODUCT_NAME = "$(TARGET_NAME)";
				WRAPPER_EXTENSION = app;
			};
			name = Debug;
		};
		B352E02E189FEF49002DE84B /* Release */ = {
			isa = XCBuildConfiguration;
			buildSettings = {
				ASSETCATALOG_COMPILER_APPICON_NAME = AppIcon;
				ASSETCATALOG_COMPILER_LAUNCHIMAGE_NAME = LaunchImage;
				GCC_PRECOMPILE_PREFIX_HEADER = YES;
				GCC_PREFIX_HEADER = "MyTwitter/MyTwitter-Prefix.pch";
				INFOPLIST_FILE = "MyTwitter/MyTwitter-Info.plist";
				PRODUCT_NAME = "$(TARGET_NAME)";
				WRAPPER_EXTENSION = app;
			};
			name = Release;
		};
		B352E030189FEF49002DE84B /* Debug */ = {
			isa = XCBuildConfiguration;
			buildSettings = {
				ARCHS = "$(ARCHS_STANDARD_INCLUDING_64_BIT)";
				BUNDLE_LOADER = "$(BUILT_PRODUCTS_DIR)/MyTwitter.app/MyTwitter";
				FRAMEWORK_SEARCH_PATHS = (
					"$(SDKROOT)/Developer/Library/Frameworks",
					"$(inherited)",
					"$(DEVELOPER_FRAMEWORKS_DIR)",
				);
				GCC_PRECOMPILE_PREFIX_HEADER = YES;
				GCC_PREFIX_HEADER = "MyTwitter/MyTwitter-Prefix.pch";
				GCC_PREPROCESSOR_DEFINITIONS = (
					"DEBUG=1",
					"$(inherited)",
				);
				INFOPLIST_FILE = "MyTwitterTests/MyTwitterTests-Info.plist";
				PRODUCT_NAME = "$(TARGET_NAME)";
				TEST_HOST = "$(BUNDLE_LOADER)";
				WRAPPER_EXTENSION = xctest;
			};
			name = Debug;
		};
		B352E031189FEF49002DE84B /* Release */ = {
			isa = XCBuildConfiguration;
			buildSettings = {
				ARCHS = "$(ARCHS_STANDARD_INCLUDING_64_BIT)";
				BUNDLE_LOADER = "$(BUILT_PRODUCTS_DIR)/MyTwitter.app/MyTwitter";
				FRAMEWORK_SEARCH_PATHS = (
					"$(SDKROOT)/Developer/Library/Frameworks",
					"$(inherited)",
					"$(DEVELOPER_FRAMEWORKS_DIR)",
				);
				GCC_PRECOMPILE_PREFIX_HEADER = YES;
				GCC_PREFIX_HEADER = "MyTwitter/MyTwitter-Prefix.pch";
				INFOPLIST_FILE = "MyTwitterTests/MyTwitterTests-Info.plist";
				PRODUCT_NAME = "$(TARGET_NAME)";
				TEST_HOST = "$(BUNDLE_LOADER)";
				WRAPPER_EXTENSION = xctest;
			};
			name = Release;
		};
/* End XCBuildConfiguration section */

/* Begin XCConfigurationList section */
		B352DFF5189FEF49002DE84B /* Build configuration list for PBXProject "MyTwitter" */ = {
			isa = XCConfigurationList;
			buildConfigurations = (
				B352E02A189FEF49002DE84B /* Debug */,
				B352E02B189FEF49002DE84B /* Release */,
			);
			defaultConfigurationIsVisible = 0;
			defaultConfigurationName = Release;
		};
		B352E02C189FEF49002DE84B /* Build configuration list for PBXNativeTarget "MyTwitter" */ = {
			isa = XCConfigurationList;
			buildConfigurations = (
				B352E02D189FEF49002DE84B /* Debug */,
				B352E02E189FEF49002DE84B /* Release */,
			);
			defaultConfigurationIsVisible = 0;
			defaultConfigurationName = Release;
		};
		B352E02F189FEF49002DE84B /* Build configuration list for PBXNativeTarget "MyTwitterTests" */ = {
			isa = XCConfigurationList;
			buildConfigurations = (
				B352E030189FEF49002DE84B /* Debug */,
				B352E031189FEF49002DE84B /* Release */,
			);
			defaultConfigurationIsVisible = 0;
			defaultConfigurationName = Release;
		};
/* End XCConfigurationList section */
	};
	rootObject = B352DFF2189FEF49002DE84B /* Project object */;
}
